
Microsoft Visual Studio Solution File, Format Version 12.00
# Visual Studio Version 16
VisualStudioVersion = 16.0.28803.452
MinimumVisualStudioVersion = 10.0.40219.1
Project("{9A19103F-16F7-4668-BE54-9A1E7A4F7556}") = "Fiffi", "src\Fiffi\Fiffi.csproj", "{A0A6A33E-CEAF-47EE-8236-E9431C7CAC54}"
EndProject
Project("{6EC3EE1D-3C4E-46DD-8F32-0CC8E7565705}") = "RPS.Domain", "samples\RPS\RPS.Domain\RPS.Domain.fsproj", "{DE0C2EF4-390B-43CD-9764-4BC8936E4032}"
EndProject
Project("{6EC3EE1D-3C4E-46DD-8F32-0CC8E7565705}") = "Fiffi.Fx", "src\Fiffi.Fx\Fiffi.Fx.fsproj", "{48D75178-90EB-4223-BE9B-A5C4BF971B2B}"
EndProject
Project("{9A19103F-16F7-4668-BE54-9A1E7A4F7556}") = "Fiffi.CloudEvents", "src\Fiffi.CloudEvents\Fiffi.CloudEvents.csproj", "{E967FA19-DFA9-4847-9637-D765F618790A}"
EndProject
Project("{F2A71F9B-5D33-465A-A702-920D77279786}") = "Fiffi.Fx.Tests", "test\Fiffi.Fx.Tests\Fiffi.Fx.Tests.fsproj", "{98B8A975-0A0D-4E7B-BE5F-F9ADAE41AB09}"
EndProject
Global
	GlobalSection(SolutionConfigurationPlatforms) = preSolution
		Debug|Any CPU = Debug|Any CPU
		Debug|x64 = Debug|x64
		Release|Any CPU = Release|Any CPU
		Release|x64 = Release|x64
	EndGlobalSection
	GlobalSection(ProjectConfigurationPlatforms) = postSolution
		{A0A6A33E-CEAF-47EE-8236-E9431C7CAC54}.Debug|Any CPU.ActiveCfg = Debug|Any CPU
		{A0A6A33E-CEAF-47EE-8236-E9431C7CAC54}.Debug|Any CPU.Build.0 = Debug|Any CPU
		{A0A6A33E-CEAF-47EE-8236-E9431C7CAC54}.Debug|x64.ActiveCfg = Debug|Any CPU
		{A0A6A33E-CEAF-47EE-8236-E9431C7CAC54}.Debug|x64.Build.0 = Debug|Any CPU
		{A0A6A33E-CEAF-47EE-8236-E9431C7CAC54}.Release|Any CPU.ActiveCfg = Release|Any CPU
		{A0A6A33E-CEAF-47EE-8236-E9431C7CAC54}.Release|Any CPU.Build.0 = Release|Any CPU
		{A0A6A33E-CEAF-47EE-8236-E9431C7CAC54}.Release|x64.ActiveCfg = Release|Any CPU
		{A0A6A33E-CEAF-47EE-8236-E9431C7CAC54}.Release|x64.Build.0 = Release|Any CPU
		{DE0C2EF4-390B-43CD-9764-4BC8936E4032}.Debug|Any CPU.ActiveCfg = Debug|Any CPU
		{DE0C2EF4-390B-43CD-9764-4BC8936E4032}.Debug|Any CPU.Build.0 = Debug|Any CPU
		{DE0C2EF4-390B-43CD-9764-4BC8936E4032}.Debug|x64.ActiveCfg = Debug|Any CPU
		{DE0C2EF4-390B-43CD-9764-4BC8936E4032}.Debug|x64.Build.0 = Debug|Any CPU
		{DE0C2EF4-390B-43CD-9764-4BC8936E4032}.Release|Any CPU.ActiveCfg = Release|Any CPU
		{DE0C2EF4-390B-43CD-9764-4BC8936E4032}.Release|Any CPU.Build.0 = Release|Any CPU
		{DE0C2EF4-390B-43CD-9764-4BC8936E4032}.Release|x64.ActiveCfg = Release|Any CPU
		{DE0C2EF4-390B-43CD-9764-4BC8936E4032}.Release|x64.Build.0 = Release|Any CPU
		{48D75178-90EB-4223-BE9B-A5C4BF971B2B}.Debug|Any CPU.ActiveCfg = Debug|Any CPU
		{48D75178-90EB-4223-BE9B-A5C4BF971B2B}.Debug|Any CPU.Build.0 = Debug|Any CPU
		{48D75178-90EB-4223-BE9B-A5C4BF971B2B}.Debug|x64.ActiveCfg = Debug|Any CPU
		{48D75178-90EB-4223-BE9B-A5C4BF971B2B}.Debug|x64.Build.0 = Debug|Any CPU
		{48D75178-90EB-4223-BE9B-A5C4BF971B2B}.Release|Any CPU.ActiveCfg = Release|Any CPU
		{48D75178-90EB-4223-BE9B-A5C4BF971B2B}.Release|Any CPU.Build.0 = Release|Any CPU
		{48D75178-90EB-4223-BE9B-A5C4BF971B2B}.Release|x64.ActiveCfg = Release|Any CPU
		{48D75178-90EB-4223-BE9B-A5C4BF971B2B}.Release|x64.Build.0 = Release|Any CPU
		{E967FA19-DFA9-4847-9637-D765F618790A}.Debug|Any CPU.ActiveCfg = Debug|Any CPU
		{E967FA19-DFA9-4847-9637-D765F618790A}.Debug|Any CPU.Build.0 = Debug|Any CPU
		{E967FA19-DFA9-4847-9637-D765F618790A}.Debug|x64.ActiveCfg = Debug|Any CPU
		{E967FA19-DFA9-4847-9637-D765F618790A}.Debug|x64.Build.0 = Debug|Any CPU
		{E967FA19-DFA9-4847-9637-D765F618790A}.Release|Any CPU.ActiveCfg = Release|Any CPU
		{E967FA19-DFA9-4847-9637-D765F618790A}.Release|Any CPU.Build.0 = Release|Any CPU
		{E967FA19-DFA9-4847-9637-D765F618790A}.Release|x64.ActiveCfg = Release|Any CPU
		{E967FA19-DFA9-4847-9637-D765F618790A}.Release|x64.Build.0 = Release|Any CPU
		{98B8A975-0A0D-4E7B-BE5F-F9ADAE41AB09}.Debug|Any CPU.ActiveCfg = Debug|Any CPU
		{98B8A975-0A0D-4E7B-BE5F-F9ADAE41AB09}.Debug|Any CPU.Build.0 = Debug|Any CPU
		{98B8A975-0A0D-4E7B-BE5F-F9ADAE41AB09}.Debug|x64.ActiveCfg = Debug|Any CPU
		{98B8A975-0A0D-4E7B-BE5F-F9ADAE41AB09}.Debug|x64.Build.0 = Debug|Any CPU
		{98B8A975-0A0D-4E7B-BE5F-F9ADAE41AB09}.Release|Any CPU.ActiveCfg = Release|Any CPU
		{98B8A975-0A0D-4E7B-BE5F-F9ADAE41AB09}.Release|Any CPU.Build.0 = Release|Any CPU
		{98B8A975-0A0D-4E7B-BE5F-F9ADAE41AB09}.Release|x64.ActiveCfg = Release|Any CPU
		{98B8A975-0A0D-4E7B-BE5F-F9ADAE41AB09}.Release|x64.Build.0 = Release|Any CPU
	EndGlobalSection
	GlobalSection(SolutionProperties) = preSolution
		HideSolutionNode = FALSE
	EndGlobalSection
	GlobalSection(ExtensibilityGlobals) = postSolution
		SolutionGuid = {92773AE5-DB12-492F-A90E-87CA692A34C9}
	EndGlobalSection
EndGlobal
