
Microsoft Visual Studio Solution File, Format Version 12.00
# Visual Studio 15
VisualStudioVersion = 15.0.28010.2026
MinimumVisualStudioVersion = 10.0.40219.1
Project("{9A19103F-16F7-4668-BE54-9A1E7A4F7556}") = "Fiffi.ServiceFabric", "src\Fiffi.ServiceFabric\Fiffi.ServiceFabric.csproj", "{277065CE-2A6F-4D11-8C24-69939828BD1A}"
EndProject
Project("{9A19103F-16F7-4668-BE54-9A1E7A4F7556}") = "Fiffi", "src\Fiffi\Fiffi.csproj", "{A0A6A33E-CEAF-47EE-8236-E9431C7CAC54}"
EndProject
Project("{A07B5EB6-E848-4116-A8D0-A826331D98C6}") = "Sample", "src\Sample\Sample.sfproj", "{27BF076B-B409-4D0D-B0AF-F636C237DCC9}"
EndProject
Project("{9A19103F-16F7-4668-BE54-9A1E7A4F7556}") = "SampleWeb", "src\SampleWeb\SampleWeb.csproj", "{14AA394F-0DC7-4BEC-9A43-DB1A26DED22D}"
EndProject
Project("{2150E333-8FDC-42A3-9474-1A3956D46DE8}") = "Samples", "Samples", "{5BBB9DDA-4A64-4EF7-9ED5-7605FA4A6C10}"
EndProject
Project("{9A19103F-16F7-4668-BE54-9A1E7A4F7556}") = "Fiffi.ServiceFabric.Tests", "src\Fiffi.ServiceFabric.Tests\Fiffi.ServiceFabric.Tests.csproj", "{3F845945-5100-48A8-A46D-B0AD516C8757}"
EndProject
Project("{9A19103F-16F7-4668-BE54-9A1E7A4F7556}") = "SampleWeb.Tests", "src\SampleWeb.Tests\SampleWeb.Tests.csproj", "{B8FDF432-D135-4A6E-912B-09DADCE591AE}"
EndProject
Project("{9A19103F-16F7-4668-BE54-9A1E7A4F7556}") = "Gateway", "src\Gateway\Gateway.csproj", "{CADBDB3A-8EFA-43EB-95A3-00343BE9D3AA}"
EndProject
Project("{9A19103F-16F7-4668-BE54-9A1E7A4F7556}") = "Fiffi.Streamstone", "src\Fiffi.Streamstone\Fiffi.Streamstone.csproj", "{13EA7DB4-C64A-48BC-BF4B-6C400BB02DAA}"
EndProject
Project("{FAE04EC0-301F-11D3-BF4B-00C04F79EFBC}") = "Fiffi.Streamstone.Tests", "Fiffi.Streamstone.Tests\Fiffi.Streamstone.Tests.csproj", "{427F6BBB-F01C-4ABB-9272-14863B363D51}"
EndProject
Global
	GlobalSection(SolutionConfigurationPlatforms) = preSolution
		Debug|Any CPU = Debug|Any CPU
		Debug|x64 = Debug|x64
		Release|Any CPU = Release|Any CPU
		Release|x64 = Release|x64
	EndGlobalSection
	GlobalSection(ProjectConfigurationPlatforms) = postSolution
		{277065CE-2A6F-4D11-8C24-69939828BD1A}.Debug|Any CPU.ActiveCfg = Debug|Any CPU
		{277065CE-2A6F-4D11-8C24-69939828BD1A}.Debug|Any CPU.Build.0 = Debug|Any CPU
		{277065CE-2A6F-4D11-8C24-69939828BD1A}.Debug|x64.ActiveCfg = Debug|Any CPU
		{277065CE-2A6F-4D11-8C24-69939828BD1A}.Debug|x64.Build.0 = Debug|Any CPU
		{277065CE-2A6F-4D11-8C24-69939828BD1A}.Release|Any CPU.ActiveCfg = Release|Any CPU
		{277065CE-2A6F-4D11-8C24-69939828BD1A}.Release|Any CPU.Build.0 = Release|Any CPU
		{277065CE-2A6F-4D11-8C24-69939828BD1A}.Release|x64.ActiveCfg = Release|Any CPU
		{277065CE-2A6F-4D11-8C24-69939828BD1A}.Release|x64.Build.0 = Release|Any CPU
		{A0A6A33E-CEAF-47EE-8236-E9431C7CAC54}.Debug|Any CPU.ActiveCfg = Debug|Any CPU
		{A0A6A33E-CEAF-47EE-8236-E9431C7CAC54}.Debug|Any CPU.Build.0 = Debug|Any CPU
		{A0A6A33E-CEAF-47EE-8236-E9431C7CAC54}.Debug|x64.ActiveCfg = Debug|Any CPU
		{A0A6A33E-CEAF-47EE-8236-E9431C7CAC54}.Debug|x64.Build.0 = Debug|Any CPU
		{A0A6A33E-CEAF-47EE-8236-E9431C7CAC54}.Release|Any CPU.ActiveCfg = Release|Any CPU
		{A0A6A33E-CEAF-47EE-8236-E9431C7CAC54}.Release|Any CPU.Build.0 = Release|Any CPU
		{A0A6A33E-CEAF-47EE-8236-E9431C7CAC54}.Release|x64.ActiveCfg = Release|Any CPU
		{A0A6A33E-CEAF-47EE-8236-E9431C7CAC54}.Release|x64.Build.0 = Release|Any CPU
		{27BF076B-B409-4D0D-B0AF-F636C237DCC9}.Debug|Any CPU.ActiveCfg = Debug|x64
		{27BF076B-B409-4D0D-B0AF-F636C237DCC9}.Debug|x64.ActiveCfg = Debug|x64
		{27BF076B-B409-4D0D-B0AF-F636C237DCC9}.Debug|x64.Build.0 = Debug|x64
		{27BF076B-B409-4D0D-B0AF-F636C237DCC9}.Debug|x64.Deploy.0 = Debug|x64
		{27BF076B-B409-4D0D-B0AF-F636C237DCC9}.Release|Any CPU.ActiveCfg = Release|x64
		{27BF076B-B409-4D0D-B0AF-F636C237DCC9}.Release|x64.ActiveCfg = Release|x64
		{27BF076B-B409-4D0D-B0AF-F636C237DCC9}.Release|x64.Build.0 = Release|x64
		{27BF076B-B409-4D0D-B0AF-F636C237DCC9}.Release|x64.Deploy.0 = Release|x64
		{14AA394F-0DC7-4BEC-9A43-DB1A26DED22D}.Debug|Any CPU.ActiveCfg = Debug|Any CPU
		{14AA394F-0DC7-4BEC-9A43-DB1A26DED22D}.Debug|Any CPU.Build.0 = Debug|Any CPU
		{14AA394F-0DC7-4BEC-9A43-DB1A26DED22D}.Debug|x64.ActiveCfg = Debug|Any CPU
		{14AA394F-0DC7-4BEC-9A43-DB1A26DED22D}.Debug|x64.Build.0 = Debug|Any CPU
		{14AA394F-0DC7-4BEC-9A43-DB1A26DED22D}.Release|Any CPU.ActiveCfg = Release|Any CPU
		{14AA394F-0DC7-4BEC-9A43-DB1A26DED22D}.Release|Any CPU.Build.0 = Release|Any CPU
		{14AA394F-0DC7-4BEC-9A43-DB1A26DED22D}.Release|x64.ActiveCfg = Release|Any CPU
		{14AA394F-0DC7-4BEC-9A43-DB1A26DED22D}.Release|x64.Build.0 = Release|Any CPU
		{3F845945-5100-48A8-A46D-B0AD516C8757}.Debug|Any CPU.ActiveCfg = Debug|Any CPU
		{3F845945-5100-48A8-A46D-B0AD516C8757}.Debug|Any CPU.Build.0 = Debug|Any CPU
		{3F845945-5100-48A8-A46D-B0AD516C8757}.Debug|x64.ActiveCfg = Debug|Any CPU
		{3F845945-5100-48A8-A46D-B0AD516C8757}.Debug|x64.Build.0 = Debug|Any CPU
		{3F845945-5100-48A8-A46D-B0AD516C8757}.Release|Any CPU.ActiveCfg = Release|Any CPU
		{3F845945-5100-48A8-A46D-B0AD516C8757}.Release|Any CPU.Build.0 = Release|Any CPU
		{3F845945-5100-48A8-A46D-B0AD516C8757}.Release|x64.ActiveCfg = Release|Any CPU
		{3F845945-5100-48A8-A46D-B0AD516C8757}.Release|x64.Build.0 = Release|Any CPU
		{B8FDF432-D135-4A6E-912B-09DADCE591AE}.Debug|Any CPU.ActiveCfg = Debug|Any CPU
		{B8FDF432-D135-4A6E-912B-09DADCE591AE}.Debug|Any CPU.Build.0 = Debug|Any CPU
		{B8FDF432-D135-4A6E-912B-09DADCE591AE}.Debug|x64.ActiveCfg = Debug|Any CPU
		{B8FDF432-D135-4A6E-912B-09DADCE591AE}.Debug|x64.Build.0 = Debug|Any CPU
		{B8FDF432-D135-4A6E-912B-09DADCE591AE}.Release|Any CPU.ActiveCfg = Release|Any CPU
		{B8FDF432-D135-4A6E-912B-09DADCE591AE}.Release|Any CPU.Build.0 = Release|Any CPU
		{B8FDF432-D135-4A6E-912B-09DADCE591AE}.Release|x64.ActiveCfg = Release|Any CPU
		{B8FDF432-D135-4A6E-912B-09DADCE591AE}.Release|x64.Build.0 = Release|Any CPU
		{CADBDB3A-8EFA-43EB-95A3-00343BE9D3AA}.Debug|Any CPU.ActiveCfg = Debug|Any CPU
		{CADBDB3A-8EFA-43EB-95A3-00343BE9D3AA}.Debug|Any CPU.Build.0 = Debug|Any CPU
		{CADBDB3A-8EFA-43EB-95A3-00343BE9D3AA}.Debug|x64.ActiveCfg = Debug|Any CPU
		{CADBDB3A-8EFA-43EB-95A3-00343BE9D3AA}.Debug|x64.Build.0 = Debug|Any CPU
		{CADBDB3A-8EFA-43EB-95A3-00343BE9D3AA}.Release|Any CPU.ActiveCfg = Release|Any CPU
		{CADBDB3A-8EFA-43EB-95A3-00343BE9D3AA}.Release|Any CPU.Build.0 = Release|Any CPU
		{CADBDB3A-8EFA-43EB-95A3-00343BE9D3AA}.Release|x64.ActiveCfg = Release|Any CPU
		{CADBDB3A-8EFA-43EB-95A3-00343BE9D3AA}.Release|x64.Build.0 = Release|Any CPU
		{13EA7DB4-C64A-48BC-BF4B-6C400BB02DAA}.Debug|Any CPU.ActiveCfg = Debug|Any CPU
		{13EA7DB4-C64A-48BC-BF4B-6C400BB02DAA}.Debug|Any CPU.Build.0 = Debug|Any CPU
		{13EA7DB4-C64A-48BC-BF4B-6C400BB02DAA}.Debug|x64.ActiveCfg = Debug|Any CPU
		{13EA7DB4-C64A-48BC-BF4B-6C400BB02DAA}.Debug|x64.Build.0 = Debug|Any CPU
		{13EA7DB4-C64A-48BC-BF4B-6C400BB02DAA}.Release|Any CPU.ActiveCfg = Release|Any CPU
		{13EA7DB4-C64A-48BC-BF4B-6C400BB02DAA}.Release|Any CPU.Build.0 = Release|Any CPU
		{13EA7DB4-C64A-48BC-BF4B-6C400BB02DAA}.Release|x64.ActiveCfg = Release|Any CPU
		{13EA7DB4-C64A-48BC-BF4B-6C400BB02DAA}.Release|x64.Build.0 = Release|Any CPU
		{427F6BBB-F01C-4ABB-9272-14863B363D51}.Debug|Any CPU.ActiveCfg = Debug|Any CPU
		{427F6BBB-F01C-4ABB-9272-14863B363D51}.Debug|Any CPU.Build.0 = Debug|Any CPU
		{427F6BBB-F01C-4ABB-9272-14863B363D51}.Debug|x64.ActiveCfg = Debug|Any CPU
		{427F6BBB-F01C-4ABB-9272-14863B363D51}.Debug|x64.Build.0 = Debug|Any CPU
		{427F6BBB-F01C-4ABB-9272-14863B363D51}.Release|Any CPU.ActiveCfg = Release|Any CPU
		{427F6BBB-F01C-4ABB-9272-14863B363D51}.Release|Any CPU.Build.0 = Release|Any CPU
		{427F6BBB-F01C-4ABB-9272-14863B363D51}.Release|x64.ActiveCfg = Release|Any CPU
		{427F6BBB-F01C-4ABB-9272-14863B363D51}.Release|x64.Build.0 = Release|Any CPU
	EndGlobalSection
	GlobalSection(SolutionProperties) = preSolution
		HideSolutionNode = FALSE
	EndGlobalSection
	GlobalSection(NestedProjects) = preSolution
		{27BF076B-B409-4D0D-B0AF-F636C237DCC9} = {5BBB9DDA-4A64-4EF7-9ED5-7605FA4A6C10}
		{14AA394F-0DC7-4BEC-9A43-DB1A26DED22D} = {5BBB9DDA-4A64-4EF7-9ED5-7605FA4A6C10}
		{B8FDF432-D135-4A6E-912B-09DADCE591AE} = {5BBB9DDA-4A64-4EF7-9ED5-7605FA4A6C10}
		{CADBDB3A-8EFA-43EB-95A3-00343BE9D3AA} = {5BBB9DDA-4A64-4EF7-9ED5-7605FA4A6C10}
	EndGlobalSection
	GlobalSection(ExtensibilityGlobals) = postSolution
		SolutionGuid = {92773AE5-DB12-492F-A90E-87CA692A34C9}
	EndGlobalSection
EndGlobal
