
Microsoft Visual Studio Solution File, Format Version 12.00
# Visual Studio Version 16
VisualStudioVersion = 16.0.28803.452
MinimumVisualStudioVersion = 10.0.40219.1
Project("{9A19103F-16F7-4668-BE54-9A1E7A4F7556}") = "Fiffi", "src\Fiffi\Fiffi.csproj", "{A0A6A33E-CEAF-47EE-8236-E9431C7CAC54}"
EndProject
Project("{9A19103F-16F7-4668-BE54-9A1E7A4F7556}") = "Fiffi.Streamstone", "src\Fiffi.Streamstone\Fiffi.Streamstone.csproj", "{13EA7DB4-C64A-48BC-BF4B-6C400BB02DAA}"
EndProject
Project("{9A19103F-16F7-4668-BE54-9A1E7A4F7556}") = "Fiffi.Streamstone.Tests", "src\Fiffi.Streamstone.Tests\Fiffi.Streamstone.Tests.csproj", "{427F6BBB-F01C-4ABB-9272-14863B363D51}"
EndProject
Project("{9A19103F-16F7-4668-BE54-9A1E7A4F7556}") = "Fiffi.Tests", "src\Fiffi.Tests\Fiffi.Tests.csproj", "{CA477014-D5FD-46CE-975E-9C9FD4E4B020}"
EndProject
Project("{9A19103F-16F7-4668-BE54-9A1E7A4F7556}") = "Fiffi.CosmoStore", "src\Fiffi.CosmoStore\Fiffi.CosmoStore.csproj", "{0E704017-A870-4588-8576-183E9969BF3B}"
EndProject
Project("{9A19103F-16F7-4668-BE54-9A1E7A4F7556}") = "Fiffi.CosmoStore.Tests", "src\Fiffi.CosmoStore.Tests\Fiffi.CosmoStore.Tests.csproj", "{FB02EE41-924F-4938-A5D3-6CF7D76DFCDB}"
EndProject
Project("{2150E333-8FDC-42A3-9474-1A3956D46DE8}") = "samples", "samples", "{3BE7F0C7-985E-4588-8139-8D965B18F0E9}"
EndProject
Project("{9A19103F-16F7-4668-BE54-9A1E7A4F7556}") = "ChangeFeedSample", "samples\ChangeFeedSample\ChangeFeedSample.csproj", "{3BC45708-A72E-4C29-A36F-228EEE0EDA87}"
EndProject
Project("{2150E333-8FDC-42A3-9474-1A3956D46DE8}") = "tests", "tests", "{83DC9BCE-4188-4057-9D60-CF7379E88321}"
EndProject
Project("{9A19103F-16F7-4668-BE54-9A1E7A4F7556}") = "RPS", "samples\RPS\RPS\RPS.csproj", "{16A77A9D-EB1D-4C60-9D65-6D764F91D561}"
EndProject
Project("{9A19103F-16F7-4668-BE54-9A1E7A4F7556}") = "RPS.Tests", "samples\RPS\RPS.Tests\RPS.Tests.csproj", "{973C62A3-B1C0-46B1-A4C3-4E34EE233D9C}"
EndProject
Global
	GlobalSection(SolutionConfigurationPlatforms) = preSolution
		Debug|Any CPU = Debug|Any CPU
		Debug|x64 = Debug|x64
		Release|Any CPU = Release|Any CPU
		Release|x64 = Release|x64
	EndGlobalSection
	GlobalSection(ProjectConfigurationPlatforms) = postSolution
	EndGlobalSection
	GlobalSection(SolutionProperties) = preSolution
		HideSolutionNode = FALSE
	EndGlobalSection
	GlobalSection(NestedProjects) = preSolution
	EndGlobalSection
	GlobalSection(ExtensibilityGlobals) = postSolution
		SolutionGuid = {92773AE5-DB12-492F-A90E-87CA692A34C9}
	EndGlobalSection
EndGlobal
