
Microsoft Visual Studio Solution File, Format Version 12.00
# Visual Studio Version 16
VisualStudioVersion = 16.0.28803.452
MinimumVisualStudioVersion = 10.0.40219.1
Project("{9A19103F-16F7-4668-BE54-9A1E7A4F7556}") = "Fiffi", "src\Fiffi\Fiffi.csproj", "{A0A6A33E-CEAF-47EE-8236-E9431C7CAC54}"
EndProject
Project("{9A19103F-16F7-4668-BE54-9A1E7A4F7556}") = "Fiffi.Tests", "src\Fiffi.Tests\Fiffi.Tests.csproj", "{CA477014-D5FD-46CE-975E-9C9FD4E4B020}"
EndProject
Project("{2150E333-8FDC-42A3-9474-1A3956D46DE8}") = "samples", "samples", "{3BE7F0C7-985E-4588-8139-8D965B18F0E9}"
EndProject
Project("{2150E333-8FDC-42A3-9474-1A3956D46DE8}") = "tests", "tests", "{83DC9BCE-4188-4057-9D60-CF7379E88321}"
EndProject
Project("{9A19103F-16F7-4668-BE54-9A1E7A4F7556}") = "RPS", "samples\RPS\RPS\RPS.csproj", "{16A77A9D-EB1D-4C60-9D65-6D764F91D561}"
EndProject
Project("{9A19103F-16F7-4668-BE54-9A1E7A4F7556}") = "RPS.Tests", "samples\RPS\RPS.Tests\RPS.Tests.csproj", "{973C62A3-B1C0-46B1-A4C3-4E34EE233D9C}"
EndProject
Project("{9A19103F-16F7-4668-BE54-9A1E7A4F7556}") = "Fiffi.Dapr", "src\Fiffi.Dapr\Fiffi.Dapr.csproj", "{405F1D24-9DBB-42AD-8397-275C640D663A}"
EndProject
Project("{9A19103F-16F7-4668-BE54-9A1E7A4F7556}") = "RPS.Web", "samples\RPS\RPS.Web\RPS.Web.csproj", "{07F63AC4-4F4E-410C-B25C-926EAD24D5A0}"
EndProject
Project("{2150E333-8FDC-42A3-9474-1A3956D46DE8}") = "Solution Items", "Solution Items", "{C7CE159E-D0EB-4DCE-A537-5D40B07C71A5}"
	ProjectSection(SolutionItems) = preProject
		.editorconfig = .editorconfig
	EndProjectSection
EndProject
Project("{2150E333-8FDC-42A3-9474-1A3956D46DE8}") = "RockPaperScissors", "RockPaperScissors", "{22729BF8-8396-46F3-867D-0D19D7738124}"
EndProject
Project("{9A19103F-16F7-4668-BE54-9A1E7A4F7556}") = "Fiffi.CosmosChangeFeed", "src\Fiffi.CosmosChangeFeed\Fiffi.CosmosChangeFeed.csproj", "{3FC8EB25-BEC4-4CE5-9ECC-40A5283E7DCD}"
EndProject
Project("{FAE04EC0-301F-11D3-BF4B-00C04F79EFBC}") = "RPS.Web.Tests", "samples\RPS\RPS.Web.Tests\RPS.Web.Tests.csproj", "{576F2753-5D96-4563-BCD4-86B45F6A852F}"
EndProject
Global
	GlobalSection(SolutionConfigurationPlatforms) = preSolution
		Debug|Any CPU = Debug|Any CPU
		Debug|x64 = Debug|x64
		Release|Any CPU = Release|Any CPU
		Release|x64 = Release|x64
	EndGlobalSection
	GlobalSection(ProjectConfigurationPlatforms) = postSolution
		{A0A6A33E-CEAF-47EE-8236-E9431C7CAC54}.Debug|Any CPU.ActiveCfg = Debug|Any CPU
		{A0A6A33E-CEAF-47EE-8236-E9431C7CAC54}.Debug|Any CPU.Build.0 = Debug|Any CPU
		{A0A6A33E-CEAF-47EE-8236-E9431C7CAC54}.Debug|x64.ActiveCfg = Debug|Any CPU
		{A0A6A33E-CEAF-47EE-8236-E9431C7CAC54}.Debug|x64.Build.0 = Debug|Any CPU
		{A0A6A33E-CEAF-47EE-8236-E9431C7CAC54}.Release|Any CPU.ActiveCfg = Release|Any CPU
		{A0A6A33E-CEAF-47EE-8236-E9431C7CAC54}.Release|Any CPU.Build.0 = Release|Any CPU
		{A0A6A33E-CEAF-47EE-8236-E9431C7CAC54}.Release|x64.ActiveCfg = Release|Any CPU
		{A0A6A33E-CEAF-47EE-8236-E9431C7CAC54}.Release|x64.Build.0 = Release|Any CPU
		{CA477014-D5FD-46CE-975E-9C9FD4E4B020}.Debug|Any CPU.ActiveCfg = Debug|Any CPU
		{CA477014-D5FD-46CE-975E-9C9FD4E4B020}.Debug|Any CPU.Build.0 = Debug|Any CPU
		{CA477014-D5FD-46CE-975E-9C9FD4E4B020}.Debug|x64.ActiveCfg = Debug|Any CPU
		{CA477014-D5FD-46CE-975E-9C9FD4E4B020}.Debug|x64.Build.0 = Debug|Any CPU
		{CA477014-D5FD-46CE-975E-9C9FD4E4B020}.Release|Any CPU.ActiveCfg = Release|Any CPU
		{CA477014-D5FD-46CE-975E-9C9FD4E4B020}.Release|Any CPU.Build.0 = Release|Any CPU
		{CA477014-D5FD-46CE-975E-9C9FD4E4B020}.Release|x64.ActiveCfg = Release|Any CPU
		{CA477014-D5FD-46CE-975E-9C9FD4E4B020}.Release|x64.Build.0 = Release|Any CPU
		{16A77A9D-EB1D-4C60-9D65-6D764F91D561}.Debug|Any CPU.ActiveCfg = Debug|Any CPU
		{16A77A9D-EB1D-4C60-9D65-6D764F91D561}.Debug|Any CPU.Build.0 = Debug|Any CPU
		{16A77A9D-EB1D-4C60-9D65-6D764F91D561}.Debug|x64.ActiveCfg = Debug|Any CPU
		{16A77A9D-EB1D-4C60-9D65-6D764F91D561}.Debug|x64.Build.0 = Debug|Any CPU
		{16A77A9D-EB1D-4C60-9D65-6D764F91D561}.Release|Any CPU.ActiveCfg = Release|Any CPU
		{16A77A9D-EB1D-4C60-9D65-6D764F91D561}.Release|Any CPU.Build.0 = Release|Any CPU
		{16A77A9D-EB1D-4C60-9D65-6D764F91D561}.Release|x64.ActiveCfg = Release|Any CPU
		{16A77A9D-EB1D-4C60-9D65-6D764F91D561}.Release|x64.Build.0 = Release|Any CPU
		{973C62A3-B1C0-46B1-A4C3-4E34EE233D9C}.Debug|Any CPU.ActiveCfg = Debug|Any CPU
		{973C62A3-B1C0-46B1-A4C3-4E34EE233D9C}.Debug|Any CPU.Build.0 = Debug|Any CPU
		{973C62A3-B1C0-46B1-A4C3-4E34EE233D9C}.Debug|x64.ActiveCfg = Debug|Any CPU
		{973C62A3-B1C0-46B1-A4C3-4E34EE233D9C}.Debug|x64.Build.0 = Debug|Any CPU
		{973C62A3-B1C0-46B1-A4C3-4E34EE233D9C}.Release|Any CPU.ActiveCfg = Release|Any CPU
		{973C62A3-B1C0-46B1-A4C3-4E34EE233D9C}.Release|Any CPU.Build.0 = Release|Any CPU
		{973C62A3-B1C0-46B1-A4C3-4E34EE233D9C}.Release|x64.ActiveCfg = Release|Any CPU
		{973C62A3-B1C0-46B1-A4C3-4E34EE233D9C}.Release|x64.Build.0 = Release|Any CPU
		{405F1D24-9DBB-42AD-8397-275C640D663A}.Debug|Any CPU.ActiveCfg = Debug|Any CPU
		{405F1D24-9DBB-42AD-8397-275C640D663A}.Debug|Any CPU.Build.0 = Debug|Any CPU
		{405F1D24-9DBB-42AD-8397-275C640D663A}.Debug|x64.ActiveCfg = Debug|Any CPU
		{405F1D24-9DBB-42AD-8397-275C640D663A}.Debug|x64.Build.0 = Debug|Any CPU
		{405F1D24-9DBB-42AD-8397-275C640D663A}.Release|Any CPU.ActiveCfg = Release|Any CPU
		{405F1D24-9DBB-42AD-8397-275C640D663A}.Release|Any CPU.Build.0 = Release|Any CPU
		{405F1D24-9DBB-42AD-8397-275C640D663A}.Release|x64.ActiveCfg = Release|Any CPU
		{405F1D24-9DBB-42AD-8397-275C640D663A}.Release|x64.Build.0 = Release|Any CPU
		{07F63AC4-4F4E-410C-B25C-926EAD24D5A0}.Debug|Any CPU.ActiveCfg = Debug|Any CPU
		{07F63AC4-4F4E-410C-B25C-926EAD24D5A0}.Debug|Any CPU.Build.0 = Debug|Any CPU
		{07F63AC4-4F4E-410C-B25C-926EAD24D5A0}.Debug|x64.ActiveCfg = Debug|Any CPU
		{07F63AC4-4F4E-410C-B25C-926EAD24D5A0}.Debug|x64.Build.0 = Debug|Any CPU
		{07F63AC4-4F4E-410C-B25C-926EAD24D5A0}.Release|Any CPU.ActiveCfg = Release|Any CPU
		{07F63AC4-4F4E-410C-B25C-926EAD24D5A0}.Release|Any CPU.Build.0 = Release|Any CPU
		{07F63AC4-4F4E-410C-B25C-926EAD24D5A0}.Release|x64.ActiveCfg = Release|Any CPU
		{07F63AC4-4F4E-410C-B25C-926EAD24D5A0}.Release|x64.Build.0 = Release|Any CPU
		{3FC8EB25-BEC4-4CE5-9ECC-40A5283E7DCD}.Debug|Any CPU.ActiveCfg = Debug|Any CPU
		{3FC8EB25-BEC4-4CE5-9ECC-40A5283E7DCD}.Debug|Any CPU.Build.0 = Debug|Any CPU
		{3FC8EB25-BEC4-4CE5-9ECC-40A5283E7DCD}.Debug|x64.ActiveCfg = Debug|Any CPU
		{3FC8EB25-BEC4-4CE5-9ECC-40A5283E7DCD}.Debug|x64.Build.0 = Debug|Any CPU
		{3FC8EB25-BEC4-4CE5-9ECC-40A5283E7DCD}.Release|Any CPU.ActiveCfg = Release|Any CPU
		{3FC8EB25-BEC4-4CE5-9ECC-40A5283E7DCD}.Release|Any CPU.Build.0 = Release|Any CPU
		{3FC8EB25-BEC4-4CE5-9ECC-40A5283E7DCD}.Release|x64.ActiveCfg = Release|Any CPU
		{3FC8EB25-BEC4-4CE5-9ECC-40A5283E7DCD}.Release|x64.Build.0 = Release|Any CPU
		{576F2753-5D96-4563-BCD4-86B45F6A852F}.Debug|Any CPU.ActiveCfg = Debug|Any CPU
		{576F2753-5D96-4563-BCD4-86B45F6A852F}.Debug|Any CPU.Build.0 = Debug|Any CPU
		{576F2753-5D96-4563-BCD4-86B45F6A852F}.Debug|x64.ActiveCfg = Debug|Any CPU
		{576F2753-5D96-4563-BCD4-86B45F6A852F}.Debug|x64.Build.0 = Debug|Any CPU
		{576F2753-5D96-4563-BCD4-86B45F6A852F}.Release|Any CPU.ActiveCfg = Release|Any CPU
		{576F2753-5D96-4563-BCD4-86B45F6A852F}.Release|Any CPU.Build.0 = Release|Any CPU
		{576F2753-5D96-4563-BCD4-86B45F6A852F}.Release|x64.ActiveCfg = Release|Any CPU
		{576F2753-5D96-4563-BCD4-86B45F6A852F}.Release|x64.Build.0 = Release|Any CPU
	EndGlobalSection
	GlobalSection(SolutionProperties) = preSolution
		HideSolutionNode = FALSE
	EndGlobalSection
	GlobalSection(NestedProjects) = preSolution
		{CA477014-D5FD-46CE-975E-9C9FD4E4B020} = {83DC9BCE-4188-4057-9D60-CF7379E88321}
		{16A77A9D-EB1D-4C60-9D65-6D764F91D561} = {22729BF8-8396-46F3-867D-0D19D7738124}
		{973C62A3-B1C0-46B1-A4C3-4E34EE233D9C} = {83DC9BCE-4188-4057-9D60-CF7379E88321}
		{07F63AC4-4F4E-410C-B25C-926EAD24D5A0} = {22729BF8-8396-46F3-867D-0D19D7738124}
		{22729BF8-8396-46F3-867D-0D19D7738124} = {3BE7F0C7-985E-4588-8139-8D965B18F0E9}
		{576F2753-5D96-4563-BCD4-86B45F6A852F} = {83DC9BCE-4188-4057-9D60-CF7379E88321}
	EndGlobalSection
	GlobalSection(ExtensibilityGlobals) = postSolution
		SolutionGuid = {92773AE5-DB12-492F-A90E-87CA692A34C9}
	EndGlobalSection
EndGlobal
